
Microsoft Visual Studio Solution File, Format Version 12.00
# Visual Studio Version 17
VisualStudioVersion = 17.11.35303.130
MinimumVisualStudioVersion = 10.0.40219.1
Project("{FAE04EC0-301F-11D3-BF4B-00C04F79EFBC}") = "Hometask05", "Hometask05\Hometask05.csproj", "{FF294372-07AA-45F8-8757-8BCB0D00B1FB}"
EndProject
Global
	GlobalSection(SolutionConfigurationPlatforms) = preSolution
		Debug|Any CPU = Debug|Any CPU
		Release|Any CPU = Release|Any CPU
	EndGlobalSection
	GlobalSection(ProjectConfigurationPlatforms) = postSolution
		{FF294372-07AA-45F8-8757-8BCB0D00B1FB}.Debug|Any CPU.ActiveCfg = Debug|Any CPU
		{FF294372-07AA-45F8-8757-8BCB0D00B1FB}.Debug|Any CPU.Build.0 = Debug|Any CPU
		{FF294372-07AA-45F8-8757-8BCB0D00B1FB}.Release|Any CPU.ActiveCfg = Release|Any CPU
		{FF294372-07AA-45F8-8757-8BCB0D00B1FB}.Release|Any CPU.Build.0 = Release|Any CPU
	EndGlobalSection
	GlobalSection(SolutionProperties) = preSolution
		HideSolutionNode = FALSE
	EndGlobalSection
	GlobalSection(ExtensibilityGlobals) = postSolution
		SolutionGuid = {5C9F3597-2C02-471A-81AF-15325515FBF4}
	EndGlobalSection
EndGlobal
